
Microsoft Visual Studio Solution File, Format Version 12.00
# Visual Studio Version 17
VisualStudioVersion = 17.14.36301.6 d17.14
MinimumVisualStudioVersion = 10.0.40219.1
Project("{FAE04EC0-301F-11D3-BF4B-00C04F79EFBC}") = "GeoLocationFilter", "GeoLocationFilter.csproj", "{A1A18599-EB9E-467D-A1DB-A2D68E02F6A0}"
EndProject
Global
	GlobalSection(SolutionConfigurationPlatforms) = preSolution
		Debug|Any CPU = Debug|Any CPU
		Release|Any CPU = Release|Any CPU
	EndGlobalSection
	GlobalSection(ProjectConfigurationPlatforms) = postSolution
		{A1A18599-EB9E-467D-A1DB-A2D68E02F6A0}.Debug|Any CPU.ActiveCfg = Debug|Any CPU
		{A1A18599-EB9E-467D-A1DB-A2D68E02F6A0}.Debug|Any CPU.Build.0 = Debug|Any CPU
		{A1A18599-EB9E-467D-A1DB-A2D68E02F6A0}.Release|Any CPU.ActiveCfg = Release|Any CPU
		{A1A18599-EB9E-467D-A1DB-A2D68E02F6A0}.Release|Any CPU.Build.0 = Release|Any CPU
	EndGlobalSection
	GlobalSection(SolutionProperties) = preSolution
		HideSolutionNode = FALSE
	EndGlobalSection
	GlobalSection(ExtensibilityGlobals) = postSolution
		SolutionGuid = {AB8075B0-D475-4974-B8AB-4110F1054908}
	EndGlobalSection
EndGlobal
